// !$*UTF8*$!
{
	archiveVersion = 1;
	classes = {
	};
	objectVersion = 55;
	objects = {

/* Begin PBXBuildFile section */
		F130C4E1295E908E00587DFE /* Hanson in Frameworks */ = {isa = PBXBuildFile; productRef = F130C4E0295E908E00587DFE /* Hanson */; };
		F19087B3295C34BC0073ED0B /* AppDelegate.swift in Sources */ = {isa = PBXBuildFile; fileRef = F19087B2295C34BC0073ED0B /* AppDelegate.swift */; };
		F19087B5295C34BC0073ED0B /* SceneDelegate.swift in Sources */ = {isa = PBXBuildFile; fileRef = F19087B4295C34BC0073ED0B /* SceneDelegate.swift */; };
		F19087BC295C34BF0073ED0B /* Assets.xcassets in Resources */ = {isa = PBXBuildFile; fileRef = F19087BB295C34BF0073ED0B /* Assets.xcassets */; };
		F19087BF295C34BF0073ED0B /* LaunchScreen.storyboard in Resources */ = {isa = PBXBuildFile; fileRef = F19087BD295C34BF0073ED0B /* LaunchScreen.storyboard */; };
		F19087D0295C39400073ED0B /* APIService.swift in Sources */ = {isa = PBXBuildFile; fileRef = F19087CF295C39400073ED0B /* APIService.swift */; };
		F1C92C44295D2D29007D739A /* MainViewController.swift in Sources */ = {isa = PBXBuildFile; fileRef = F1C92C42295D2D29007D739A /* MainViewController.swift */; };
		F1C92C45295D2D29007D739A /* MainViewController.xib in Resources */ = {isa = PBXBuildFile; fileRef = F1C92C43295D2D29007D739A /* MainViewController.xib */; };
		F1C92C4A295D3491007D739A /* MainViewController+TableView.swift in Sources */ = {isa = PBXBuildFile; fileRef = F1C92C49295D3491007D739A /* MainViewController+TableView.swift */; };
		F1C92C4C295D36CF007D739A /* MainViewModel.swift in Sources */ = {isa = PBXBuildFile; fileRef = F1C92C4B295D36CF007D739A /* MainViewModel.swift */; };
		F1C92C4E295D3DBB007D739A /* NetworkConstants.swift in Sources */ = {isa = PBXBuildFile; fileRef = F1C92C4D295D3DBB007D739A /* NetworkConstants.swift */; };
		F1C92C50295D3F8B007D739A /* APICaller.swift in Sources */ = {isa = PBXBuildFile; fileRef = F1C92C4F295D3F8B007D739A /* APICaller.swift */; };
		F1C92C52295D3FAE007D739A /* TrendingMoviesModel.swift in Sources */ = {isa = PBXBuildFile; fileRef = F1C92C51295D3FAE007D739A /* TrendingMoviesModel.swift */; };
		F1C92C54295D4A82007D739A /* Observable.swift in Sources */ = {isa = PBXBuildFile; fileRef = F1C92C53295D4A82007D739A /* Observable.swift */; };
		F1C92C57295D74DE007D739A /* MovieTableViewCell.swift in Sources */ = {isa = PBXBuildFile; fileRef = F1C92C55295D74DE007D739A /* MovieTableViewCell.swift */; };
		F1C92C5A295D780B007D739A /* UIViewExtensions.swift in Sources */ = {isa = PBXBuildFile; fileRef = F1C92C59295D780B007D739A /* UIViewExtensions.swift */; };
		F1C92C5C295D78B8007D739A /* MovieTableCellViewModel.swift in Sources */ = {isa = PBXBuildFile; fileRef = F1C92C5B295D78B8007D739A /* MovieTableCellViewModel.swift */; };
		F1C92C5F295D7AC7007D739A /* SDWebImage in Frameworks */ = {isa = PBXBuildFile; productRef = F1C92C5E295D7AC7007D739A /* SDWebImage */; };
		F1C92C60295D8493007D739A /* MovieTableViewCell.xib in Resources */ = {isa = PBXBuildFile; fileRef = F1C92C56295D74DE007D739A /* MovieTableViewCell.xib */; };
		F1C92C67295D8F4F007D739A /* DetailsMovieViewController.swift in Sources */ = {isa = PBXBuildFile; fileRef = F1C92C65295D8F4F007D739A /* DetailsMovieViewController.swift */; };
		F1C92C68295D8F4F007D739A /* DetailsMovieViewController.xib in Resources */ = {isa = PBXBuildFile; fileRef = F1C92C66295D8F4F007D739A /* DetailsMovieViewController.xib */; };
		F1C92C6A295D9158007D739A /* DetailsMovieViewModel.swift in Sources */ = {isa = PBXBuildFile; fileRef = F1C92C69295D9158007D739A /* DetailsMovieViewModel.swift */; };
/* End PBXBuildFile section */

/* Begin PBXFileReference section */
		F19087AF295C34BC0073ED0B /* StudyMvvm.app */ = {isa = PBXFileReference; explicitFileType = wrapper.application; includeInIndex = 0; path = StudyMvvm.app; sourceTree = BUILT_PRODUCTS_DIR; };
		F19087B2295C34BC0073ED0B /* AppDelegate.swift */ = {isa = PBXFileReference; lastKnownFileType = sourcecode.swift; path = AppDelegate.swift; sourceTree = "<group>"; };
		F19087B4295C34BC0073ED0B /* SceneDelegate.swift */ = {isa = PBXFileReference; lastKnownFileType = sourcecode.swift; path = SceneDelegate.swift; sourceTree = "<group>"; };
		F19087BB295C34BF0073ED0B /* Assets.xcassets */ = {isa = PBXFileReference; lastKnownFileType = folder.assetcatalog; path = Assets.xcassets; sourceTree = "<group>"; };
		F19087BE295C34BF0073ED0B /* Base */ = {isa = PBXFileReference; lastKnownFileType = file.storyboard; name = Base; path = Base.lproj/LaunchScreen.storyboard; sourceTree = "<group>"; };
		F19087C0295C34BF0073ED0B /* Info.plist */ = {isa = PBXFileReference; lastKnownFileType = text.plist.xml; path = Info.plist; sourceTree = "<group>"; };
		F19087CF295C39400073ED0B /* APIService.swift */ = {isa = PBXFileReference; lastKnownFileType = sourcecode.swift; path = APIService.swift; sourceTree = "<group>"; };
		F1C92C42295D2D29007D739A /* MainViewController.swift */ = {isa = PBXFileReference; lastKnownFileType = sourcecode.swift; path = MainViewController.swift; sourceTree = "<group>"; };
		F1C92C43295D2D29007D739A /* MainViewController.xib */ = {isa = PBXFileReference; lastKnownFileType = file.xib; path = MainViewController.xib; sourceTree = "<group>"; };
		F1C92C49295D3491007D739A /* MainViewController+TableView.swift */ = {isa = PBXFileReference; lastKnownFileType = sourcecode.swift; path = "MainViewController+TableView.swift"; sourceTree = "<group>"; };
		F1C92C4B295D36CF007D739A /* MainViewModel.swift */ = {isa = PBXFileReference; lastKnownFileType = sourcecode.swift; path = MainViewModel.swift; sourceTree = "<group>"; };
		F1C92C4D295D3DBB007D739A /* NetworkConstants.swift */ = {isa = PBXFileReference; lastKnownFileType = sourcecode.swift; path = NetworkConstants.swift; sourceTree = "<group>"; };
		F1C92C4F295D3F8B007D739A /* APICaller.swift */ = {isa = PBXFileReference; lastKnownFileType = sourcecode.swift; path = APICaller.swift; sourceTree = "<group>"; };
		F1C92C51295D3FAE007D739A /* TrendingMoviesModel.swift */ = {isa = PBXFileReference; lastKnownFileType = sourcecode.swift; path = TrendingMoviesModel.swift; sourceTree = "<group>"; };
		F1C92C53295D4A82007D739A /* Observable.swift */ = {isa = PBXFileReference; lastKnownFileType = sourcecode.swift; path = Observable.swift; sourceTree = "<group>"; };
		F1C92C55295D74DE007D739A /* MovieTableViewCell.swift */ = {isa = PBXFileReference; lastKnownFileType = sourcecode.swift; path = MovieTableViewCell.swift; sourceTree = "<group>"; };
		F1C92C56295D74DE007D739A /* MovieTableViewCell.xib */ = {isa = PBXFileReference; lastKnownFileType = file.xib; path = MovieTableViewCell.xib; sourceTree = "<group>"; };
		F1C92C59295D780B007D739A /* UIViewExtensions.swift */ = {isa = PBXFileReference; lastKnownFileType = sourcecode.swift; path = UIViewExtensions.swift; sourceTree = "<group>"; };
		F1C92C5B295D78B8007D739A /* MovieTableCellViewModel.swift */ = {isa = PBXFileReference; lastKnownFileType = sourcecode.swift; path = MovieTableCellViewModel.swift; sourceTree = "<group>"; };
		F1C92C65295D8F4F007D739A /* DetailsMovieViewController.swift */ = {isa = PBXFileReference; lastKnownFileType = sourcecode.swift; path = DetailsMovieViewController.swift; sourceTree = "<group>"; };
		F1C92C66295D8F4F007D739A /* DetailsMovieViewController.xib */ = {isa = PBXFileReference; lastKnownFileType = file.xib; path = DetailsMovieViewController.xib; sourceTree = "<group>"; };
		F1C92C69295D9158007D739A /* DetailsMovieViewModel.swift */ = {isa = PBXFileReference; lastKnownFileType = sourcecode.swift; path = DetailsMovieViewModel.swift; sourceTree = "<group>"; };
/* End PBXFileReference section */

/* Begin PBXFrameworksBuildPhase section */
		F19087AC295C34BC0073ED0B /* Frameworks */ = {
			isa = PBXFrameworksBuildPhase;
			buildActionMask = 2147483647;
			files = (
				F1C92C5F295D7AC7007D739A /* SDWebImage in Frameworks */,
				F130C4E1295E908E00587DFE /* Hanson in Frameworks */,
			);
			runOnlyForDeploymentPostprocessing = 0;
		};
/* End PBXFrameworksBuildPhase section */

/* Begin PBXGroup section */
		F19087A6295C34BC0073ED0B = {
			isa = PBXGroup;
			children = (
				F19087B1295C34BC0073ED0B /* StudyMvvm */,
				F19087B0295C34BC0073ED0B /* Products */,
			);
			sourceTree = "<group>";
		};
		F19087B0295C34BC0073ED0B /* Products */ = {
			isa = PBXGroup;
			children = (
				F19087AF295C34BC0073ED0B /* StudyMvvm.app */,
			);
			name = Products;
			sourceTree = "<group>";
		};
		F19087B1295C34BC0073ED0B /* StudyMvvm */ = {
			isa = PBXGroup;
			children = (
				F1C92C53295D4A82007D739A /* Observable.swift */,
				F1C92C48295D3219007D739A /* Resources */,
				F1C92C47295D320E007D739A /* Extensions */,
				F1C92C46295D3201007D739A /* Networking */,
				F19087CA295C362F0073ED0B /* Commons */,
				F19087C8295C35E50073ED0B /* API Service */,
				F19087C7295C35DE0073ED0B /* Models */,
				F19087C6295C35D60073ED0B /* ViewModels */,
				F1C92C41295D2D12007D739A /* Controllers */,
				F19087C9295C360B0073ED0B /* Views */,
				F19087BD295C34BF0073ED0B /* LaunchScreen.storyboard */,
				F19087C0295C34BF0073ED0B /* Info.plist */,
			);
			path = StudyMvvm;
			sourceTree = "<group>";
		};
		F19087C6295C35D60073ED0B /* ViewModels */ = {
			isa = PBXGroup;
			children = (
				F1C92C4B295D36CF007D739A /* MainViewModel.swift */,
				F1C92C5B295D78B8007D739A /* MovieTableCellViewModel.swift */,
				F1C92C69295D9158007D739A /* DetailsMovieViewModel.swift */,
			);
			path = ViewModels;
			sourceTree = "<group>";
		};
		F19087C7295C35DE0073ED0B /* Models */ = {
			isa = PBXGroup;
			children = (
				F1C92C51295D3FAE007D739A /* TrendingMoviesModel.swift */,
			);
			path = Models;
			sourceTree = "<group>";
		};
		F19087C8295C35E50073ED0B /* API Service */ = {
			isa = PBXGroup;
			children = (
				F19087CF295C39400073ED0B /* APIService.swift */,
			);
			path = "API Service";
			sourceTree = "<group>";
		};
		F19087C9295C360B0073ED0B /* Views */ = {
			isa = PBXGroup;
			children = (
				F1C92C55295D74DE007D739A /* MovieTableViewCell.swift */,
				F1C92C56295D74DE007D739A /* MovieTableViewCell.xib */,
			);
			path = Views;
			sourceTree = "<group>";
		};
		F19087CA295C362F0073ED0B /* Commons */ = {
			isa = PBXGroup;
			children = (
				F19087B2295C34BC0073ED0B /* AppDelegate.swift */,
				F19087B4295C34BC0073ED0B /* SceneDelegate.swift */,
			);
			path = Commons;
			sourceTree = "<group>";
		};
		F1C92C41295D2D12007D739A /* Controllers */ = {
			isa = PBXGroup;
			children = (
				F1C92C61295D8EE7007D739A /* DetailsMovieViewController */,
				F1C92C62295D8EFC007D739A /* MainViewController */,
			);
			path = Controllers;
			sourceTree = "<group>";
		};
		F1C92C46295D3201007D739A /* Networking */ = {
			isa = PBXGroup;
			children = (
				F1C92C4D295D3DBB007D739A /* NetworkConstants.swift */,
				F1C92C4F295D3F8B007D739A /* APICaller.swift */,
			);
			path = Networking;
			sourceTree = "<group>";
		};
		F1C92C47295D320E007D739A /* Extensions */ = {
			isa = PBXGroup;
			children = (
				F1C92C59295D780B007D739A /* UIViewExtensions.swift */,
			);
			path = Extensions;
			sourceTree = "<group>";
		};
		F1C92C48295D3219007D739A /* Resources */ = {
			isa = PBXGroup;
			children = (
				F19087BB295C34BF0073ED0B /* Assets.xcassets */,
			);
			path = Resources;
			sourceTree = "<group>";
		};
		F1C92C61295D8EE7007D739A /* DetailsMovieViewController */ = {
			isa = PBXGroup;
			children = (
				F1C92C65295D8F4F007D739A /* DetailsMovieViewController.swift */,
				F1C92C66295D8F4F007D739A /* DetailsMovieViewController.xib */,
			);
			path = DetailsMovieViewController;
			sourceTree = "<group>";
		};
		F1C92C62295D8EFC007D739A /* MainViewController */ = {
			isa = PBXGroup;
			children = (
				F1C92C42295D2D29007D739A /* MainViewController.swift */,
				F1C92C43295D2D29007D739A /* MainViewController.xib */,
				F1C92C49295D3491007D739A /* MainViewController+TableView.swift */,
			);
			path = MainViewController;
			sourceTree = "<group>";
		};
/* End PBXGroup section */

/* Begin PBXNativeTarget section */
		F19087AE295C34BC0073ED0B /* StudyMvvm */ = {
			isa = PBXNativeTarget;
			buildConfigurationList = F19087C3295C34BF0073ED0B /* Build configuration list for PBXNativeTarget "StudyMvvm" */;
			buildPhases = (
				F19087AB295C34BC0073ED0B /* Sources */,
				F19087AC295C34BC0073ED0B /* Frameworks */,
				F19087AD295C34BC0073ED0B /* Resources */,
			);
			buildRules = (
			);
			dependencies = (
			);
			name = StudyMvvm;
			packageProductDependencies = (
				F1C92C5E295D7AC7007D739A /* SDWebImage */,
				F130C4E0295E908E00587DFE /* Hanson */,
			);
			productName = StudyMvvm;
			productReference = F19087AF295C34BC0073ED0B /* StudyMvvm.app */;
			productType = "com.apple.product-type.application";
		};
/* End PBXNativeTarget section */

/* Begin PBXProject section */
		F19087A7295C34BC0073ED0B /* Project object */ = {
			isa = PBXProject;
			attributes = {
				BuildIndependentTargetsInParallel = 1;
				LastSwiftUpdateCheck = 1340;
				LastUpgradeCheck = 1340;
				TargetAttributes = {
					F19087AE295C34BC0073ED0B = {
						CreatedOnToolsVersion = 13.4.1;
					};
				};
			};
			buildConfigurationList = F19087AA295C34BC0073ED0B /* Build configuration list for PBXProject "StudyMvvm" */;
			compatibilityVersion = "Xcode 13.0";
			developmentRegion = en;
			hasScannedForEncodings = 0;
			knownRegions = (
				en,
				Base,
			);
			mainGroup = F19087A6295C34BC0073ED0B;
			packageReferences = (
				F1C92C5D295D7AC7007D739A /* XCRemoteSwiftPackageReference "SDWebImage" */,
				F130C4DF295E908E00587DFE /* XCRemoteSwiftPackageReference "Hanson" */,
			);
			productRefGroup = F19087B0295C34BC0073ED0B /* Products */;
			projectDirPath = "";
			projectRoot = "";
			targets = (
				F19087AE295C34BC0073ED0B /* StudyMvvm */,
			);
		};
/* End PBXProject section */

/* Begin PBXResourcesBuildPhase section */
		F19087AD295C34BC0073ED0B /* Resources */ = {
			isa = PBXResourcesBuildPhase;
			buildActionMask = 2147483647;
			files = (
				F19087BF295C34BF0073ED0B /* LaunchScreen.storyboard in Resources */,
				F1C92C45295D2D29007D739A /* MainViewController.xib in Resources */,
				F1C92C60295D8493007D739A /* MovieTableViewCell.xib in Resources */,
				F1C92C68295D8F4F007D739A /* DetailsMovieViewController.xib in Resources */,
				F19087BC295C34BF0073ED0B /* Assets.xcassets in Resources */,
			);
			runOnlyForDeploymentPostprocessing = 0;
		};
/* End PBXResourcesBuildPhase section */

/* Begin PBXSourcesBuildPhase section */
		F19087AB295C34BC0073ED0B /* Sources */ = {
			isa = PBXSourcesBuildPhase;
			buildActionMask = 2147483647;
			files = (
				F1C92C57295D74DE007D739A /* MovieTableViewCell.swift in Sources */,
				F1C92C6A295D9158007D739A /* DetailsMovieViewModel.swift in Sources */,
				F19087B3295C34BC0073ED0B /* AppDelegate.swift in Sources */,
				F19087D0295C39400073ED0B /* APIService.swift in Sources */,
				F19087B5295C34BC0073ED0B /* SceneDelegate.swift in Sources */,
				F1C92C44295D2D29007D739A /* MainViewController.swift in Sources */,
				F1C92C4E295D3DBB007D739A /* NetworkConstants.swift in Sources */,
				F1C92C5C295D78B8007D739A /* MovieTableCellViewModel.swift in Sources */,
				F1C92C52295D3FAE007D739A /* TrendingMoviesModel.swift in Sources */,
				F1C92C67295D8F4F007D739A /* DetailsMovieViewController.swift in Sources */,
				F1C92C54295D4A82007D739A /* Observable.swift in Sources */,
				F1C92C4A295D3491007D739A /* MainViewController+TableView.swift in Sources */,
				F1C92C4C295D36CF007D739A /* MainViewModel.swift in Sources */,
				F1C92C5A295D780B007D739A /* UIViewExtensions.swift in Sources */,
				F1C92C50295D3F8B007D739A /* APICaller.swift in Sources */,
			);
			runOnlyForDeploymentPostprocessing = 0;
		};
/* End PBXSourcesBuildPhase section */

/* Begin PBXVariantGroup section */
		F19087BD295C34BF0073ED0B /* LaunchScreen.storyboard */ = {
			isa = PBXVariantGroup;
			children = (
				F19087BE295C34BF0073ED0B /* Base */,
			);
			name = LaunchScreen.storyboard;
			sourceTree = "<group>";
		};
/* End PBXVariantGroup section */

/* Begin XCBuildConfiguration section */
		F19087C1295C34BF0073ED0B /* Debug */ = {
			isa = XCBuildConfiguration;
			buildSettings = {
				ALWAYS_SEARCH_USER_PATHS = NO;
				CLANG_ANALYZER_NONNULL = YES;
				CLANG_ANALYZER_NUMBER_OBJECT_CONVERSION = YES_AGGRESSIVE;
				CLANG_CXX_LANGUAGE_STANDARD = "gnu++17";
				CLANG_ENABLE_MODULES = YES;
				CLANG_ENABLE_OBJC_ARC = YES;
				CLANG_ENABLE_OBJC_WEAK = YES;
				CLANG_WARN_BLOCK_CAPTURE_AUTORELEASING = YES;
				CLANG_WARN_BOOL_CONVERSION = YES;
				CLANG_WARN_COMMA = YES;
				CLANG_WARN_CONSTANT_CONVERSION = YES;
				CLANG_WARN_DEPRECATED_OBJC_IMPLEMENTATIONS = YES;
				CLANG_WARN_DIRECT_OBJC_ISA_USAGE = YES_ERROR;
				CLANG_WARN_DOCUMENTATION_COMMENTS = YES;
				CLANG_WARN_EMPTY_BODY = YES;
				CLANG_WARN_ENUM_CONVERSION = YES;
				CLANG_WARN_INFINITE_RECURSION = YES;
				CLANG_WARN_INT_CONVERSION = YES;
				CLANG_WARN_NON_LITERAL_NULL_CONVERSION = YES;
				CLANG_WARN_OBJC_IMPLICIT_RETAIN_SELF = YES;
				CLANG_WARN_OBJC_LITERAL_CONVERSION = YES;
				CLANG_WARN_OBJC_ROOT_CLASS = YES_ERROR;
				CLANG_WARN_QUOTED_INCLUDE_IN_FRAMEWORK_HEADER = YES;
				CLANG_WARN_RANGE_LOOP_ANALYSIS = YES;
				CLANG_WARN_STRICT_PROTOTYPES = YES;
				CLANG_WARN_SUSPICIOUS_MOVE = YES;
				CLANG_WARN_UNGUARDED_AVAILABILITY = YES_AGGRESSIVE;
				CLANG_WARN_UNREACHABLE_CODE = YES;
				CLANG_WARN__DUPLICATE_METHOD_MATCH = YES;
				COPY_PHASE_STRIP = NO;
				DEBUG_INFORMATION_FORMAT = dwarf;
				ENABLE_STRICT_OBJC_MSGSEND = YES;
				ENABLE_TESTABILITY = YES;
				GCC_C_LANGUAGE_STANDARD = gnu11;
				GCC_DYNAMIC_NO_PIC = NO;
				GCC_NO_COMMON_BLOCKS = YES;
				GCC_OPTIMIZATION_LEVEL = 0;
				GCC_PREPROCESSOR_DEFINITIONS = (
					"DEBUG=1",
					"$(inherited)",
				);
				GCC_WARN_64_TO_32_BIT_CONVERSION = YES;
				GCC_WARN_ABOUT_RETURN_TYPE = YES_ERROR;
				GCC_WARN_UNDECLARED_SELECTOR = YES;
				GCC_WARN_UNINITIALIZED_AUTOS = YES_AGGRESSIVE;
				GCC_WARN_UNUSED_FUNCTION = YES;
				GCC_WARN_UNUSED_VARIABLE = YES;
				IPHONEOS_DEPLOYMENT_TARGET = 15.5;
				MTL_ENABLE_DEBUG_INFO = INCLUDE_SOURCE;
				MTL_FAST_MATH = YES;
				ONLY_ACTIVE_ARCH = YES;
				SDKROOT = iphoneos;
				SWIFT_ACTIVE_COMPILATION_CONDITIONS = DEBUG;
				SWIFT_OPTIMIZATION_LEVEL = "-Onone";
			};
			name = Debug;
		};
		F19087C2295C34BF0073ED0B /* Release */ = {
			isa = XCBuildConfiguration;
			buildSettings = {
				ALWAYS_SEARCH_USER_PATHS = NO;
				CLANG_ANALYZER_NONNULL = YES;
				CLANG_ANALYZER_NUMBER_OBJECT_CONVERSION = YES_AGGRESSIVE;
				CLANG_CXX_LANGUAGE_STANDARD = "gnu++17";
				CLANG_ENABLE_MODULES = YES;
				CLANG_ENABLE_OBJC_ARC = YES;
				CLANG_ENABLE_OBJC_WEAK = YES;
				CLANG_WARN_BLOCK_CAPTURE_AUTORELEASING = YES;
				CLANG_WARN_BOOL_CONVERSION = YES;
				CLANG_WARN_COMMA = YES;
				CLANG_WARN_CONSTANT_CONVERSION = YES;
				CLANG_WARN_DEPRECATED_OBJC_IMPLEMENTATIONS = YES;
				CLANG_WARN_DIRECT_OBJC_ISA_USAGE = YES_ERROR;
				CLANG_WARN_DOCUMENTATION_COMMENTS = YES;
				CLANG_WARN_EMPTY_BODY = YES;
				CLANG_WARN_ENUM_CONVERSION = YES;
				CLANG_WARN_INFINITE_RECURSION = YES;
				CLANG_WARN_INT_CONVERSION = YES;
				CLANG_WARN_NON_LITERAL_NULL_CONVERSION = YES;
				CLANG_WARN_OBJC_IMPLICIT_RETAIN_SELF = YES;
				CLANG_WARN_OBJC_LITERAL_CONVERSION = YES;
				CLANG_WARN_OBJC_ROOT_CLASS = YES_ERROR;
				CLANG_WARN_QUOTED_INCLUDE_IN_FRAMEWORK_HEADER = YES;
				CLANG_WARN_RANGE_LOOP_ANALYSIS = YES;
				CLANG_WARN_STRICT_PROTOTYPES = YES;
				CLANG_WARN_SUSPICIOUS_MOVE = YES;
				CLANG_WARN_UNGUARDED_AVAILABILITY = YES_AGGRESSIVE;
				CLANG_WARN_UNREACHABLE_CODE = YES;
				CLANG_WARN__DUPLICATE_METHOD_MATCH = YES;
				COPY_PHASE_STRIP = NO;
				DEBUG_INFORMATION_FORMAT = "dwarf-with-dsym";
				ENABLE_NS_ASSERTIONS = NO;
				ENABLE_STRICT_OBJC_MSGSEND = YES;
				GCC_C_LANGUAGE_STANDARD = gnu11;
				GCC_NO_COMMON_BLOCKS = YES;
				GCC_WARN_64_TO_32_BIT_CONVERSION = YES;
				GCC_WARN_ABOUT_RETURN_TYPE = YES_ERROR;
				GCC_WARN_UNDECLARED_SELECTOR = YES;
				GCC_WARN_UNINITIALIZED_AUTOS = YES_AGGRESSIVE;
				GCC_WARN_UNUSED_FUNCTION = YES;
				GCC_WARN_UNUSED_VARIABLE = YES;
				IPHONEOS_DEPLOYMENT_TARGET = 15.5;
				MTL_ENABLE_DEBUG_INFO = NO;
				MTL_FAST_MATH = YES;
				SDKROOT = iphoneos;
				SWIFT_COMPILATION_MODE = wholemodule;
				SWIFT_OPTIMIZATION_LEVEL = "-O";
				VALIDATE_PRODUCT = YES;
			};
			name = Release;
		};
		F19087C4295C34BF0073ED0B /* Debug */ = {
			isa = XCBuildConfiguration;
			buildSettings = {
				ASSETCATALOG_COMPILER_APPICON_NAME = AppIcon;
				ASSETCATALOG_COMPILER_GLOBAL_ACCENT_COLOR_NAME = AccentColor;
				CODE_SIGN_STYLE = Automatic;
				CURRENT_PROJECT_VERSION = 1;
				GENERATE_INFOPLIST_FILE = YES;
				INFOPLIST_FILE = StudyMvvm/Info.plist;
				INFOPLIST_KEY_UIApplicationSupportsIndirectInputEvents = YES;
				INFOPLIST_KEY_UILaunchStoryboardName = LaunchScreen;
				INFOPLIST_KEY_UISupportedInterfaceOrientations_iPad = "UIInterfaceOrientationPortrait UIInterfaceOrientationPortraitUpsideDown UIInterfaceOrientationLandscapeLeft UIInterfaceOrientationLandscapeRight";
				INFOPLIST_KEY_UISupportedInterfaceOrientations_iPhone = "UIInterfaceOrientationPortrait UIInterfaceOrientationLandscapeLeft UIInterfaceOrientationLandscapeRight";
				LD_RUNPATH_SEARCH_PATHS = (
					"$(inherited)",
					"@executable_path/Frameworks",
				);
				MARKETING_VERSION = 1.0;
				PRODUCT_BUNDLE_IDENTIFIER = io.hiepchau.StudyMvvm;
				PRODUCT_NAME = "$(TARGET_NAME)";
				SWIFT_EMIT_LOC_STRINGS = YES;
				SWIFT_VERSION = 5.0;
				TARGETED_DEVICE_FAMILY = "1,2";
			};
			name = Debug;
		};
		F19087C5295C34BF0073ED0B /* Release */ = {
			isa = XCBuildConfiguration;
			buildSettings = {
				ASSETCATALOG_COMPILER_APPICON_NAME = AppIcon;
				ASSETCATALOG_COMPILER_GLOBAL_ACCENT_COLOR_NAME = AccentColor;
				CODE_SIGN_STYLE = Automatic;
				CURRENT_PROJECT_VERSION = 1;
				GENERATE_INFOPLIST_FILE = YES;
				INFOPLIST_FILE = StudyMvvm/Info.plist;
				INFOPLIST_KEY_UIApplicationSupportsIndirectInputEvents = YES;
				INFOPLIST_KEY_UILaunchStoryboardName = LaunchScreen;
				INFOPLIST_KEY_UISupportedInterfaceOrientations_iPad = "UIInterfaceOrientationPortrait UIInterfaceOrientationPortraitUpsideDown UIInterfaceOrientationLandscapeLeft UIInterfaceOrientationLandscapeRight";
				INFOPLIST_KEY_UISupportedInterfaceOrientations_iPhone = "UIInterfaceOrientationPortrait UIInterfaceOrientationLandscapeLeft UIInterfaceOrientationLandscapeRight";
				LD_RUNPATH_SEARCH_PATHS = (
					"$(inherited)",
					"@executable_path/Frameworks",
				);
				MARKETING_VERSION = 1.0;
				PRODUCT_BUNDLE_IDENTIFIER = io.hiepchau.StudyMvvm;
				PRODUCT_NAME = "$(TARGET_NAME)";
				SWIFT_EMIT_LOC_STRINGS = YES;
				SWIFT_VERSION = 5.0;
				TARGETED_DEVICE_FAMILY = "1,2";
			};
			name = Release;
		};
/* End XCBuildConfiguration section */

/* Begin XCConfigurationList section */
		F19087AA295C34BC0073ED0B /* Build configuration list for PBXProject "StudyMvvm" */ = {
			isa = XCConfigurationList;
			buildConfigurations = (
				F19087C1295C34BF0073ED0B /* Debug */,
				F19087C2295C34BF0073ED0B /* Release */,
			);
			defaultConfigurationIsVisible = 0;
			defaultConfigurationName = Release;
		};
		F19087C3295C34BF0073ED0B /* Build configuration list for PBXNativeTarget "StudyMvvm" */ = {
			isa = XCConfigurationList;
			buildConfigurations = (
				F19087C4295C34BF0073ED0B /* Debug */,
				F19087C5295C34BF0073ED0B /* Release */,
			);
			defaultConfigurationIsVisible = 0;
			defaultConfigurationName = Release;
		};
/* End XCConfigurationList section */

/* Begin XCRemoteSwiftPackageReference section */
		F130C4DF295E908E00587DFE /* XCRemoteSwiftPackageReference "Hanson" */ = {
			isa = XCRemoteSwiftPackageReference;
			repositoryURL = "https://github.com/blendle/Hanson";
			requirement = {
				kind = upToNextMajorVersion;
				minimumVersion = 2.0.0;
			};
		};
		F1C92C5D295D7AC7007D739A /* XCRemoteSwiftPackageReference "SDWebImage" */ = {
			isa = XCRemoteSwiftPackageReference;
			repositoryURL = "https://github.com/SDWebImage/SDWebImage";
			requirement = {
				kind = upToNextMajorVersion;
				minimumVersion = 5.0.0;
			};
		};
/* End XCRemoteSwiftPackageReference section */

/* Begin XCSwiftPackageProductDependency section */
		F130C4E0295E908E00587DFE /* Hanson */ = {
			isa = XCSwiftPackageProductDependency;
			package = F130C4DF295E908E00587DFE /* XCRemoteSwiftPackageReference "Hanson" */;
			productName = Hanson;
		};
		F1C92C5E295D7AC7007D739A /* SDWebImage */ = {
			isa = XCSwiftPackageProductDependency;
			package = F1C92C5D295D7AC7007D739A /* XCRemoteSwiftPackageReference "SDWebImage" */;
			productName = SDWebImage;
		};
/* End XCSwiftPackageProductDependency section */
	};
	rootObject = F19087A7295C34BC0073ED0B /* Project object */;
}
